
Microsoft Visual Studio Solution File, Format Version 12.00
# Visual Studio 15
VisualStudioVersion = 15.0.28010.2050
MinimumVisualStudioVersion = 10.0.40219.1
Project("{2150E333-8FDC-42A3-9474-1A3956D46DE8}") = "cs6", "cs6", "{548155D2-C943-4F96-BD1C-D51448304D1E}"
EndProject
Project("{FAE04EC0-301F-11D3-BF4B-00C04F79EFBC}") = "autoproperties and immutability", "cs6\autoproperties and immutability\autoproperties and immutability.csproj", "{89733598-8C4E-45D6-B805-395D918BE207}"
EndProject
Project("{FAE04EC0-301F-11D3-BF4B-00C04F79EFBC}") = "expression-bodied members", "cs6\expression-bodied members\expression-bodied members.csproj", "{B66B503D-CE70-468F-9D2C-A2EA6C451F6B}"
EndProject
Project("{FAE04EC0-301F-11D3-BF4B-00C04F79EFBC}") = "nameof_example", "cs6\nameof_example\nameof_example.csproj", "{C4DC202F-52DB-43FD-B578-9C2D12BDCD04}"
EndProject
Project("{FAE04EC0-301F-11D3-BF4B-00C04F79EFBC}") = "import statics", "cs6\import statics\import statics.csproj", "{C377196D-E575-4459-AF96-463244D21772}"
EndProject
Project("{FAE04EC0-301F-11D3-BF4B-00C04F79EFBC}") = "string interpolation", "cs6\string interpolation\string interpolation.csproj", "{BE302009-76CF-40D2-94E8-550E45F02DFC}"
EndProject
Project("{FAE04EC0-301F-11D3-BF4B-00C04F79EFBC}") = "safe navigation operator", "cs6\safe navigation operator\safe navigation operator.csproj", "{7C41E366-835B-42B8-A1CD-127982135DB8}"
EndProject
Project("{FAE04EC0-301F-11D3-BF4B-00C04F79EFBC}") = "collection initializers", "cs6\collection initializers\collection initializers.csproj", "{9996346B-4536-45FA-B00A-C8FF949056BB}"
EndProject
Global
	GlobalSection(SolutionConfigurationPlatforms) = preSolution
		Debug|Any CPU = Debug|Any CPU
		Release|Any CPU = Release|Any CPU
	EndGlobalSection
	GlobalSection(ProjectConfigurationPlatforms) = postSolution
		{89733598-8C4E-45D6-B805-395D918BE207}.Debug|Any CPU.ActiveCfg = Debug|Any CPU
		{89733598-8C4E-45D6-B805-395D918BE207}.Debug|Any CPU.Build.0 = Debug|Any CPU
		{89733598-8C4E-45D6-B805-395D918BE207}.Release|Any CPU.ActiveCfg = Release|Any CPU
		{89733598-8C4E-45D6-B805-395D918BE207}.Release|Any CPU.Build.0 = Release|Any CPU
		{B66B503D-CE70-468F-9D2C-A2EA6C451F6B}.Debug|Any CPU.ActiveCfg = Debug|Any CPU
		{B66B503D-CE70-468F-9D2C-A2EA6C451F6B}.Debug|Any CPU.Build.0 = Debug|Any CPU
		{B66B503D-CE70-468F-9D2C-A2EA6C451F6B}.Release|Any CPU.ActiveCfg = Release|Any CPU
		{B66B503D-CE70-468F-9D2C-A2EA6C451F6B}.Release|Any CPU.Build.0 = Release|Any CPU
		{C4DC202F-52DB-43FD-B578-9C2D12BDCD04}.Debug|Any CPU.ActiveCfg = Debug|Any CPU
		{C4DC202F-52DB-43FD-B578-9C2D12BDCD04}.Debug|Any CPU.Build.0 = Debug|Any CPU
		{C4DC202F-52DB-43FD-B578-9C2D12BDCD04}.Release|Any CPU.ActiveCfg = Release|Any CPU
		{C4DC202F-52DB-43FD-B578-9C2D12BDCD04}.Release|Any CPU.Build.0 = Release|Any CPU
		{C377196D-E575-4459-AF96-463244D21772}.Debug|Any CPU.ActiveCfg = Debug|Any CPU
		{C377196D-E575-4459-AF96-463244D21772}.Debug|Any CPU.Build.0 = Debug|Any CPU
		{C377196D-E575-4459-AF96-463244D21772}.Release|Any CPU.ActiveCfg = Release|Any CPU
		{C377196D-E575-4459-AF96-463244D21772}.Release|Any CPU.Build.0 = Release|Any CPU
		{BE302009-76CF-40D2-94E8-550E45F02DFC}.Debug|Any CPU.ActiveCfg = Debug|Any CPU
		{BE302009-76CF-40D2-94E8-550E45F02DFC}.Debug|Any CPU.Build.0 = Debug|Any CPU
		{BE302009-76CF-40D2-94E8-550E45F02DFC}.Release|Any CPU.ActiveCfg = Release|Any CPU
		{BE302009-76CF-40D2-94E8-550E45F02DFC}.Release|Any CPU.Build.0 = Release|Any CPU
		{7C41E366-835B-42B8-A1CD-127982135DB8}.Debug|Any CPU.ActiveCfg = Debug|Any CPU
		{7C41E366-835B-42B8-A1CD-127982135DB8}.Debug|Any CPU.Build.0 = Debug|Any CPU
		{7C41E366-835B-42B8-A1CD-127982135DB8}.Release|Any CPU.ActiveCfg = Release|Any CPU
		{7C41E366-835B-42B8-A1CD-127982135DB8}.Release|Any CPU.Build.0 = Release|Any CPU
		{9996346B-4536-45FA-B00A-C8FF949056BB}.Debug|Any CPU.ActiveCfg = Debug|Any CPU
		{9996346B-4536-45FA-B00A-C8FF949056BB}.Debug|Any CPU.Build.0 = Debug|Any CPU
		{9996346B-4536-45FA-B00A-C8FF949056BB}.Release|Any CPU.ActiveCfg = Release|Any CPU
		{9996346B-4536-45FA-B00A-C8FF949056BB}.Release|Any CPU.Build.0 = Release|Any CPU
	EndGlobalSection
	GlobalSection(SolutionProperties) = preSolution
		HideSolutionNode = FALSE
	EndGlobalSection
	GlobalSection(NestedProjects) = preSolution
		{89733598-8C4E-45D6-B805-395D918BE207} = {548155D2-C943-4F96-BD1C-D51448304D1E}
		{B66B503D-CE70-468F-9D2C-A2EA6C451F6B} = {548155D2-C943-4F96-BD1C-D51448304D1E}
		{C4DC202F-52DB-43FD-B578-9C2D12BDCD04} = {548155D2-C943-4F96-BD1C-D51448304D1E}
		{C377196D-E575-4459-AF96-463244D21772} = {548155D2-C943-4F96-BD1C-D51448304D1E}
		{BE302009-76CF-40D2-94E8-550E45F02DFC} = {548155D2-C943-4F96-BD1C-D51448304D1E}
		{7C41E366-835B-42B8-A1CD-127982135DB8} = {548155D2-C943-4F96-BD1C-D51448304D1E}
		{9996346B-4536-45FA-B00A-C8FF949056BB} = {548155D2-C943-4F96-BD1C-D51448304D1E}
	EndGlobalSection
	GlobalSection(ExtensibilityGlobals) = postSolution
		SolutionGuid = {96DD28E7-1DCF-46AE-8667-F824B09903C7}
	EndGlobalSection
EndGlobal
